
Microsoft Visual Studio Solution File, Format Version 12.00
# Visual Studio Version 17
VisualStudioVersion = 17.13.35716.79
MinimumVisualStudioVersion = 10.0.40219.1
Project("{FAE04EC0-301F-11D3-BF4B-00C04F79EFBC}") = "JCNET", "..\JCNET\JCNET\JCNET.csproj", "{56DB1AD3-7B49-437F-ACC4-7F3CCCE99987}"
EndProject
Project("{FAE04EC0-301F-11D3-BF4B-00C04F79EFBC}") = "non-os-ldd", "non-os-ldd\non-os-ldd.csproj", "{24F0BBB0-F045-4DDC-9D94-03ACA029DED9}"
EndProject
Project("{FAE04EC0-301F-11D3-BF4B-00C04F79EFBC}") = "try-remove-items", "try-remove-items\try-remove-items.csproj", "{0DD3074C-8A6E-497E-B3FE-16546B86C5DA}"
EndProject
Project("{FAE04EC0-301F-11D3-BF4B-00C04F79EFBC}") = "expand-wildcard", "expand-wildcard\expand-wildcard.csproj", "{069FFDCB-96B5-49C2-8AB7-C46BC7E91869}"
EndProject
Global
	GlobalSection(SolutionConfigurationPlatforms) = preSolution
		Debug|Any CPU = Debug|Any CPU
		Release|Any CPU = Release|Any CPU
	EndGlobalSection
	GlobalSection(ProjectConfigurationPlatforms) = postSolution
		{56DB1AD3-7B49-437F-ACC4-7F3CCCE99987}.Debug|Any CPU.ActiveCfg = Debug|Any CPU
		{56DB1AD3-7B49-437F-ACC4-7F3CCCE99987}.Debug|Any CPU.Build.0 = Debug|Any CPU
		{56DB1AD3-7B49-437F-ACC4-7F3CCCE99987}.Release|Any CPU.ActiveCfg = Release|Any CPU
		{56DB1AD3-7B49-437F-ACC4-7F3CCCE99987}.Release|Any CPU.Build.0 = Release|Any CPU
		{24F0BBB0-F045-4DDC-9D94-03ACA029DED9}.Debug|Any CPU.ActiveCfg = Debug|Any CPU
		{24F0BBB0-F045-4DDC-9D94-03ACA029DED9}.Debug|Any CPU.Build.0 = Debug|Any CPU
		{24F0BBB0-F045-4DDC-9D94-03ACA029DED9}.Release|Any CPU.ActiveCfg = Release|Any CPU
		{24F0BBB0-F045-4DDC-9D94-03ACA029DED9}.Release|Any CPU.Build.0 = Release|Any CPU
		{0DD3074C-8A6E-497E-B3FE-16546B86C5DA}.Debug|Any CPU.ActiveCfg = Debug|Any CPU
		{0DD3074C-8A6E-497E-B3FE-16546B86C5DA}.Debug|Any CPU.Build.0 = Debug|Any CPU
		{0DD3074C-8A6E-497E-B3FE-16546B86C5DA}.Release|Any CPU.ActiveCfg = Release|Any CPU
		{0DD3074C-8A6E-497E-B3FE-16546B86C5DA}.Release|Any CPU.Build.0 = Release|Any CPU
		{069FFDCB-96B5-49C2-8AB7-C46BC7E91869}.Debug|Any CPU.ActiveCfg = Debug|Any CPU
		{069FFDCB-96B5-49C2-8AB7-C46BC7E91869}.Debug|Any CPU.Build.0 = Debug|Any CPU
		{069FFDCB-96B5-49C2-8AB7-C46BC7E91869}.Release|Any CPU.ActiveCfg = Release|Any CPU
		{069FFDCB-96B5-49C2-8AB7-C46BC7E91869}.Release|Any CPU.Build.0 = Release|Any CPU
	EndGlobalSection
	GlobalSection(SolutionProperties) = preSolution
		HideSolutionNode = FALSE
	EndGlobalSection
	GlobalSection(ExtensibilityGlobals) = postSolution
		SolutionGuid = {043225A4-6AB3-4B58-8CA9-753A77F68A99}
	EndGlobalSection
EndGlobal
